{
  "version": 4,
  "terraform_version": "1.4.2",
  "serial": 99,
  "lineage": "b81a71f3-8887-d769-db2b-e74b611ca5e6",
  "outputs": {},
  "resources": [
    {
      "module": "module.monitor",
      "mode": "managed",
      "type": "newrelic_synthetics_script_monitor",
      "name": "monitor",
      "provider": "module.monitor.provider[\"registry.terraform.io/newrelic/newrelic\"]",
      "instances": [
        {
          "index_key": "1",
          "schema_version": 0,
          "attributes": {
            "account_id": 4043252,
            "device_orientation": null,
            "device_type": null,
            "enable_screenshot_on_failure_and_script": null,
            "guid": "NDA0MzI1MnxTWU5USHxNT05JVE9SfDJhYjc1Y2U4LWE3YzMtNGZiZS04MTY0LWE2YTgxMjljOTQ4YQ",
            "id": "NDA0MzI1MnxTWU5USHxNT05JVE9SfDJhYjc1Y2U4LWE3YzMtNGZiZS04MTY0LWE2YTgxMjljOTQ4YQ",
            "location_private": [],
            "locations_public": [
              "AP_EAST_1",
              "AP_SOUTH_1"
            ],
            "name": "script_monitor1",
            "period": "EVERY_12_HOURS",
            "period_in_minutes": 720,
            "runtime_type": "NODE_API",
            "runtime_type_version": "16.10",
            "script": "console.log('it works!')",
            "script_language": "JAVASCRIPT",
            "status": "ENABLED",
            "tag": [
              {
                "key": "some_key",
                "values": [
                  "some_value"
                ]
              }
            ],
            "type": "SCRIPT_API"
          },
          "sensitive_attributes": [],
          "private": "bnVsbA=="
        },
        {
          "index_key": "2",
          "schema_version": 0,
          "attributes": {
            "account_id": 4043252,
            "device_orientation": null,
            "device_type": null,
            "enable_screenshot_on_failure_and_script": null,
            "guid": "NDA0MzI1MnxTWU5USHxNT05JVE9SfDMxNTA2OTA1LTkwZGUtNDcyMy04NjZjLWE2MWVmNDdiMmM5Yg",
            "id": "NDA0MzI1MnxTWU5USHxNT05JVE9SfDMxNTA2OTA1LTkwZGUtNDcyMy04NjZjLWE2MWVmNDdiMmM5Yg",
            "location_private": [],
            "locations_public": [
              "AP_EAST_1",
              "AP_SOUTH_1"
            ],
            "name": "script_monitor2",
            "period": "EVERY_12_HOURS",
            "period_in_minutes": 720,
            "runtime_type": "NODE_API",
            "runtime_type_version": "16.10",
            "script": "console.log('it works!')",
            "script_language": "JAVASCRIPT",
            "status": "ENABLED",
            "tag": [
              {
                "key": "some_key",
                "values": [
                  "some_value"
                ]
              }
            ],
            "type": "SCRIPT_API"
          },
          "sensitive_attributes": [],
          "private": "bnVsbA=="
        },
        {
          "index_key": "3",
          "schema_version": 0,
          "attributes": {
            "account_id": 4043252,
            "device_orientation": null,
            "device_type": null,
            "enable_screenshot_on_failure_and_script": null,
            "guid": "NDA0MzI1MnxTWU5USHxNT05JVE9SfGY0MjRjZmJlLTY4ZWQtNDU2OC1iYmMxLTY4YTQ4MGZmN2QyNg",
            "id": "NDA0MzI1MnxTWU5USHxNT05JVE9SfGY0MjRjZmJlLTY4ZWQtNDU2OC1iYmMxLTY4YTQ4MGZmN2QyNg",
            "location_private": [],
            "locations_public": [
              "AP_EAST_1",
              "AP_SOUTH_1"
            ],
            "name": "script_monitor3",
            "period": "EVERY_12_HOURS",
            "period_in_minutes": 720,
            "runtime_type": "NODE_API",
            "runtime_type_version": "16.10",
            "script": "console.log('it works!')",
            "script_language": "JAVASCRIPT",
            "status": "ENABLED",
            "tag": [
              {
                "key": "some_key",
                "values": [
                  "some_value"
                ]
              }
            ],
            "type": "SCRIPT_API"
          },
          "sensitive_attributes": [],
          "private": "bnVsbA=="
        }
      ]
    }
  ],
  "check_results": null
}
